{
  "name": "plotbridge-website",
  "version": "1.0.0",
  "lockfileVersion": 1,
  "requires": true,
  "dependencies": {
    "@nodelib/fs.scandir": {
      "version": "2.1.5",
      "resolved": "https://registry.nlark.com/@nodelib/fs.scandir/download/@nodelib/fs.scandir-2.1.5.tgz",
      "integrity": "sha1-dhnC6yGyVIP20WdUi0z9WnSIw9U=",
      "requires": {
        "@nodelib/fs.stat": "2.0.5",
        "run-parallel": "^1.1.9"
      }
    },
    "@nodelib/fs.stat": {
      "version": "2.0.5",
      "resolved": "https://registry.nlark.com/@nodelib/fs.stat/download/@nodelib/fs.stat-2.0.5.tgz?cache=0&sync_timestamp=1622792655362&other_urls=https%3A%2F%2Fregistry.nlark.com%2F%40nodelib%2Ffs.stat%2Fdownload%2F%40nodelib%2Ffs.stat-2.0.5.tgz",
      "integrity": "sha1-W9Jir5Tp0lvR5xsF3u1Eh2oiLos="
    },
    "@nodelib/fs.walk": {
      "version": "1.2.8",
      "resolved": "https://registry.nlark.com/@nodelib/fs.walk/download/@nodelib/fs.walk-1.2.8.tgz?cache=0&sync_timestamp=1625769815389&other_urls=https%3A%2F%2Fregistry.nlark.com%2F%40nodelib%2Ffs.walk%2Fdownload%2F%40nodelib%2Ffs.walk-1.2.8.tgz",
      "integrity": "sha1-6Vc36LtnRt3t9pxVaVNJTxlv5po=",
      "requires": {
        "@nodelib/fs.scandir": "2.1.5",
        "fastq": "^1.6.0"
      }
    },
    "ansi-regex": {
      "version": "5.0.1",
      "resolved": "https://registry.nlark.com/ansi-regex/download/ansi-regex-5.0.1.tgz?cache=0&sync_timestamp=1631634988487&other_urls=https%3A%2F%2Fregistry.nlark.com%2Fansi-regex%2Fdownload%2Fansi-regex-5.0.1.tgz",
      "integrity": "sha1-CCyyyJyf6GWaMRpTvWpNxTAdswQ="
    },
    "ansi-styles": {
      "version": "4.3.0",
      "resolved": "https://registry.nlark.com/ansi-styles/download/ansi-styles-4.3.0.tgz",
      "integrity": "sha1-7dgDYornHATIWuegkG7a00tkiTc=",
      "requires": {
        "color-convert": "^2.0.1"
      }
    },
    "anymatch": {
      "version": "3.1.2",
      "resolved": "https://registry.nlark.com/anymatch/download/anymatch-3.1.2.tgz",
      "integrity": "sha1-wFV8CWrzLxBhmPT04qODU343hxY=",
      "requires": {
        "normalize-path": "^3.0.0",
        "picomatch": "^2.0.4"
      }
    },
    "array-union": {
      "version": "3.0.1",
      "resolved": "https://registry.npm.taobao.org/array-union/download/array-union-3.0.1.tgz",
      "integrity": "sha1-2lJjDTJ/i4jPv7V3KOKvXNm2uXU="
    },
    "autoprefixer": {
      "version": "10.4.0",
      "resolved": "https://registry.npmmirror.com/autoprefixer/download/autoprefixer-10.4.0.tgz?cache=0&sync_timestamp=1635421168264&other_urls=https%3A%2F%2Fregistry.npmmirror.com%2Fautoprefixer%2Fdownload%2Fautoprefixer-10.4.0.tgz",
      "integrity": "sha1-w1d+syoQeaRA7CU+QE6vHrITiMg=",
      "requires": {
        "browserslist": "^4.17.5",
        "caniuse-lite": "^1.0.30001272",
        "fraction.js": "^4.1.1",
        "normalize-range": "^0.1.2",
        "picocolors": "^1.0.0",
        "postcss-value-parser": "^4.1.0"
      }
    },
    "binary-extensions": {
      "version": "2.2.0",
      "resolved": "https://registry.nlark.com/binary-extensions/download/binary-extensions-2.2.0.tgz",
      "integrity": "sha1-dfUC7q+f/eQvyYgpZFvk6na9ni0="
    },
    "braces": {
      "version": "3.0.2",
      "resolved": "https://registry.nlark.com/braces/download/braces-3.0.2.tgz",
      "integrity": "sha1-NFThpGLujVmeI23zNs2epPiv4Qc=",
      "requires": {
        "fill-range": "^7.0.1"
      }
    },
    "browserslist": {
      "version": "4.18.1",
      "resolved": "https://registry.npmmirror.com/browserslist/download/browserslist-4.18.1.tgz?cache=0&sync_timestamp=1636994406288&other_urls=https%3A%2F%2Fregistry.npmmirror.com%2Fbrowserslist%2Fdownload%2Fbrowserslist-4.18.1.tgz",
      "integrity": "sha512-8ScCzdpPwR2wQh8IT82CA2VgDwjHyqMovPBZSNH54+tm4Jk2pCuv90gmAdH6J84OCRWi0b4gMe6O6XPXuJnjgQ==",
      "requires": {
        "caniuse-lite": "^1.0.30001280",
        "electron-to-chromium": "^1.3.896",
        "escalade": "^3.1.1",
        "node-releases": "^2.0.1",
        "picocolors": "^1.0.0"
      }
    },
    "caniuse-lite": {
      "version": "1.0.30001282",
      "resolved": "https://registry.npmmirror.com/caniuse-lite/download/caniuse-lite-1.0.30001282.tgz?cache=0&sync_timestamp=1637135304826&other_urls=https%3A%2F%2Fregistry.npmmirror.com%2Fcaniuse-lite%2Fdownload%2Fcaniuse-lite-1.0.30001282.tgz",
      "integrity": "sha512-YhF/hG6nqBEllymSIjLtR2iWDDnChvhnVJqp+vloyt2tEHFG1yBR+ac2B/rOw0qOK0m0lEXU2dv4E/sMk5P9Kg=="
    },
    "chokidar": {
      "version": "3.5.2",
      "resolved": "https://registry.npmmirror.com/chokidar/download/chokidar-3.5.2.tgz",
      "integrity": "sha1-26OXb8rbAW9m/TZQIdkWANAcHnU=",
      "requires": {
        "anymatch": "~3.1.2",
        "braces": "~3.0.2",
        "fsevents": "~2.3.2",
        "glob-parent": "~5.1.2",
        "is-binary-path": "~2.1.0",
        "is-glob": "~4.0.1",
        "normalize-path": "~3.0.0",
        "readdirp": "~3.6.0"
      }
    },
    "cliui": {
      "version": "7.0.4",
      "resolved": "https://registry.nlark.com/cliui/download/cliui-7.0.4.tgz",
      "integrity": "sha1-oCZe5lVHb8gHrqnfPfjfd4OAi08=",
      "requires": {
        "string-width": "^4.2.0",
        "strip-ansi": "^6.0.0",
        "wrap-ansi": "^7.0.0"
      }
    },
    "color-convert": {
      "version": "2.0.1",
      "resolved": "https://registry.npm.taobao.org/color-convert/download/color-convert-2.0.1.tgz",
      "integrity": "sha1-ctOmjVmMm9s68q0ehPIdiWq9TeM=",
      "requires": {
        "color-name": "~1.1.4"
      }
    },
    "color-name": {
      "version": "1.1.4",
      "resolved": "https://registry.nlark.com/color-name/download/color-name-1.1.4.tgz",
      "integrity": "sha1-wqCah6y95pVD3m9j+jmVyCbFNqI="
    },
    "dependency-graph": {
      "version": "0.11.0",
      "resolved": "https://registry.nlark.com/dependency-graph/download/dependency-graph-0.11.0.tgz?cache=0&sync_timestamp=1624608005402&other_urls=https%3A%2F%2Fregistry.nlark.com%2Fdependency-graph%2Fdownload%2Fdependency-graph-0.11.0.tgz",
      "integrity": "sha1-rAzn7WilTaIhZahel6AdU/XrLic="
    },
    "dir-glob": {
      "version": "3.0.1",
      "resolved": "https://registry.npm.taobao.org/dir-glob/download/dir-glob-3.0.1.tgz",
      "integrity": "sha1-Vtv3PZkqSpO6FYT0U0Bj/S5BcX8=",
      "requires": {
        "path-type": "^4.0.0"
      }
    },
    "electron-to-chromium": {
      "version": "1.3.906",
      "resolved": "https://registry.npmmirror.com/electron-to-chromium/download/electron-to-chromium-1.3.906.tgz",
      "integrity": "sha512-UjoECdcOYIVzWmrbtNnYpPrDuu+RtiO5W08Vdbid9ydGQMSdnqtJUtvOqQEAVQqpoXN9kSW9YnQufvzLQMYQOw=="
    },
    "emoji-regex": {
      "version": "8.0.0",
      "resolved": "https://registry.npmmirror.com/emoji-regex/download/emoji-regex-8.0.0.tgz?cache=0&sync_timestamp=1632751408145&other_urls=https%3A%2F%2Fregistry.npmmirror.com%2Femoji-regex%2Fdownload%2Femoji-regex-8.0.0.tgz",
      "integrity": "sha1-6Bj9ac5cz8tARZT4QpY79TFkzDc="
    },
    "escalade": {
      "version": "3.1.1",
      "resolved": "https://registry.nlark.com/escalade/download/escalade-3.1.1.tgz",
      "integrity": "sha1-2M/ccACWXFoBdLSoLqpcBVJ0LkA="
    },
    "fast-glob": {
      "version": "3.2.7",
      "resolved": "https://registry.nlark.com/fast-glob/download/fast-glob-3.2.7.tgz",
      "integrity": "sha1-/Wy3otfpqnp4RhEehaGW1rL3ZqE=",
      "requires": {
        "@nodelib/fs.stat": "^2.0.2",
        "@nodelib/fs.walk": "^1.2.3",
        "glob-parent": "^5.1.2",
        "merge2": "^1.3.0",
        "micromatch": "^4.0.4"
      }
    },
    "fastq": {
      "version": "1.13.0",
      "resolved": "https://registry.nlark.com/fastq/download/fastq-1.13.0.tgz",
      "integrity": "sha1-YWdg+Ip1Jr38WWt8q4wYk4w2uYw=",
      "requires": {
        "reusify": "^1.0.4"
      }
    },
    "fill-range": {
      "version": "7.0.1",
      "resolved": "https://registry.nlark.com/fill-range/download/fill-range-7.0.1.tgz",
      "integrity": "sha1-GRmmp8df44ssfHflGYU12prN2kA=",
      "requires": {
        "to-regex-range": "^5.0.1"
      }
    },
    "fraction.js": {
      "version": "4.1.2",
      "resolved": "https://registry.npmmirror.com/fraction.js/download/fraction.js-4.1.2.tgz",
      "integrity": "sha512-o2RiJQ6DZaR/5+Si0qJUIy637QMRudSi9kU/FFzx9EZazrIdnBgpU+3sEWCxAVhH2RtxW2Oz+T4p2o8uOPVcgA=="
    },
    "fs-extra": {
      "version": "10.0.0",
      "resolved": "https://registry.nlark.com/fs-extra/download/fs-extra-10.0.0.tgz",
      "integrity": "sha1-n/YbZV3eU/s0qC34S7IUzoAuF8E=",
      "requires": {
        "graceful-fs": "^4.2.0",
        "jsonfile": "^6.0.1",
        "universalify": "^2.0.0"
      }
    },
    "fsevents": {
      "version": "2.3.2",
      "resolved": "https://registry.npmmirror.com/fsevents/download/fsevents-2.3.2.tgz",
      "integrity": "sha1-ilJveLj99GI7cJ4Ll1xSwkwC/Ro=",
      "optional": true
    },
    "get-caller-file": {
      "version": "2.0.5",
      "resolved": "https://registry.npm.taobao.org/get-caller-file/download/get-caller-file-2.0.5.tgz",
      "integrity": "sha1-T5RBKoLbMvNuOwuXQfipf+sDH34="
    },
    "get-stdin": {
      "version": "9.0.0",
      "resolved": "https://registry.npm.taobao.org/get-stdin/download/get-stdin-9.0.0.tgz",
      "integrity": "sha1-OYP/guA9VvGy6g0+YDJfOdcDpXU="
    },
    "glob-parent": {
      "version": "5.1.2",
      "resolved": "https://registry.npmmirror.com/glob-parent/download/glob-parent-5.1.2.tgz?cache=0&sync_timestamp=1632954501757&other_urls=https%3A%2F%2Fregistry.npmmirror.com%2Fglob-parent%2Fdownload%2Fglob-parent-5.1.2.tgz",
      "integrity": "sha1-hpgyxYA0/mikCTwX3BXoNA2EAcQ=",
      "requires": {
        "is-glob": "^4.0.1"
      }
    },
    "globby": {
      "version": "12.0.2",
      "resolved": "https://registry.nlark.com/globby/download/globby-12.0.2.tgz",
      "integrity": "sha1-U3iLKt8jVgLtTKv+pccKETnhqxE=",
      "requires": {
        "array-union": "^3.0.1",
        "dir-glob": "^3.0.1",
        "fast-glob": "^3.2.7",
        "ignore": "^5.1.8",
        "merge2": "^1.4.1",
        "slash": "^4.0.0"
      }
    },
    "graceful-fs": {
      "version": "4.2.8",
      "resolved": "https://registry.npmmirror.com/graceful-fs/download/graceful-fs-4.2.8.tgz",
      "integrity": "sha1-5BK40z9eAGWTy9PO5t+fLOu+gCo="
    },
    "ignore": {
      "version": "5.1.9",
      "resolved": "https://registry.npmmirror.com/ignore/download/ignore-5.1.9.tgz",
      "integrity": "sha1-nsGly+jhRG7GDUQgBg1Dqm5zgvs="
    },
    "import-cwd": {
      "version": "3.0.0",
      "resolved": "https://registry.nlark.com/import-cwd/download/import-cwd-3.0.0.tgz?cache=0&sync_timestamp=1618846826220&other_urls=https%3A%2F%2Fregistry.nlark.com%2Fimport-cwd%2Fdownload%2Fimport-cwd-3.0.0.tgz",
      "integrity": "sha1-IIRVR3GAFRJuqbNna3WS+4vUz5I=",
      "requires": {
        "import-from": "^3.0.0"
      }
    },
    "import-from": {
      "version": "3.0.0",
      "resolved": "https://registry.nlark.com/import-from/download/import-from-3.0.0.tgz",
      "integrity": "sha1-BVz+w4zVon2AV8pRN219O/CJGWY=",
      "requires": {
        "resolve-from": "^5.0.0"
      }
    },
    "is-binary-path": {
      "version": "2.1.0",
      "resolved": "https://registry.nlark.com/is-binary-path/download/is-binary-path-2.1.0.tgz",
      "integrity": "sha1-6h9/O4DwZCNug0cPhsCcJU+0Wwk=",
      "requires": {
        "binary-extensions": "^2.0.0"
      }
    },
    "is-extglob": {
      "version": "2.1.1",
      "resolved": "https://registry.nlark.com/is-extglob/download/is-extglob-2.1.1.tgz",
      "integrity": "sha1-qIwCU1eR8C7TfHahueqXc8gz+MI="
    },
    "is-fullwidth-code-point": {
      "version": "3.0.0",
      "resolved": "https://registry.npm.taobao.org/is-fullwidth-code-point/download/is-fullwidth-code-point-3.0.0.tgz",
      "integrity": "sha1-8Rb4Bk/pCz94RKOJl8C3UFEmnx0="
    },
    "is-glob": {
      "version": "4.0.3",
      "resolved": "https://registry.npmmirror.com/is-glob/download/is-glob-4.0.3.tgz?cache=0&sync_timestamp=1632934586547&other_urls=https%3A%2F%2Fregistry.npmmirror.com%2Fis-glob%2Fdownload%2Fis-glob-4.0.3.tgz",
      "integrity": "sha1-ZPYeQsu7LuwgcanawLKLoeZdUIQ=",
      "requires": {
        "is-extglob": "^2.1.1"
      }
    },
    "is-number": {
      "version": "7.0.0",
      "resolved": "https://registry.nlark.com/is-number/download/is-number-7.0.0.tgz",
      "integrity": "sha1-dTU0W4lnNNX4DE0GxQlVUnoU8Ss="
    },
    "jsonfile": {
      "version": "6.1.0",
      "resolved": "https://registry.nlark.com/jsonfile/download/jsonfile-6.1.0.tgz",
      "integrity": "sha1-vFWyY0eTxnnsZAMJTrE2mKbsCq4=",
      "requires": {
        "graceful-fs": "^4.1.6",
        "universalify": "^2.0.0"
      }
    },
    "lilconfig": {
      "version": "2.0.4",
      "resolved": "https://registry.npmmirror.com/lilconfig/download/lilconfig-2.0.4.tgz",
      "integrity": "sha1-9FB9BD1wWLOAtqj1y3vNSzTO4II="
    },
    "lodash.difference": {
      "version": "4.5.0",
      "resolved": "https://registry.npm.taobao.org/lodash.difference/download/lodash.difference-4.5.0.tgz",
      "integrity": "sha1-nMtOUF1Ia5FlE0V3KIWi3yf9AXw="
    },
    "lodash.forown": {
      "version": "4.4.0",
      "resolved": "https://registry.nlark.com/lodash.forown/download/lodash.forown-4.4.0.tgz",
      "integrity": "sha1-hRFc8E9z75ZuztUlEdOJPMRmg68="
    },
    "lodash.get": {
      "version": "4.4.2",
      "resolved": "https://registry.npm.taobao.org/lodash.get/download/lodash.get-4.4.2.tgz",
      "integrity": "sha1-LRd/ZS+jHpObRDjVNBSZ36OCXpk="
    },
    "lodash.groupby": {
      "version": "4.6.0",
      "resolved": "https://registry.npm.taobao.org/lodash.groupby/download/lodash.groupby-4.6.0.tgz",
      "integrity": "sha1-Cwih3PaDl8OXhVwyOXg4Mt90A9E="
    },
    "lodash.sortby": {
      "version": "4.7.0",
      "resolved": "https://registry.npm.taobao.org/lodash.sortby/download/lodash.sortby-4.7.0.tgz",
      "integrity": "sha1-7dFMgk4sycHgsKG0K7UhBRakJDg="
    },
    "merge2": {
      "version": "1.4.1",
      "resolved": "https://registry.npm.taobao.org/merge2/download/merge2-1.4.1.tgz",
      "integrity": "sha1-Q2iJL4hekHRVpv19xVwMnUBJkK4="
    },
    "micromatch": {
      "version": "4.0.4",
      "resolved": "https://registry.nlark.com/micromatch/download/micromatch-4.0.4.tgz",
      "integrity": "sha1-iW1Rnf6dsl/OlM63pQCRm/iB6/k=",
      "requires": {
        "braces": "^3.0.1",
        "picomatch": "^2.2.3"
      }
    },
    "nanoid": {
      "version": "3.1.30",
      "resolved": "https://registry.npmmirror.com/nanoid/download/nanoid-3.1.30.tgz",
      "integrity": "sha1-Y/k8xUjSoRPcXfvGO/oJ4rm2Q2I="
    },
    "node-releases": {
      "version": "2.0.1",
      "resolved": "https://registry.npmmirror.com/node-releases/download/node-releases-2.0.1.tgz",
      "integrity": "sha1-PR05XyBPHy8ppUNYuftnh2WtL8U="
    },
    "normalize-path": {
      "version": "3.0.0",
      "resolved": "https://registry.npm.taobao.org/normalize-path/download/normalize-path-3.0.0.tgz",
      "integrity": "sha1-Dc1p/yOhybEf0JeDFmRKA4ghamU="
    },
    "normalize-range": {
      "version": "0.1.2",
      "resolved": "https://registry.nlark.com/normalize-range/download/normalize-range-0.1.2.tgz",
      "integrity": "sha1-LRDAa9/TEuqXd2laTShDlFa3WUI="
    },
    "path-type": {
      "version": "4.0.0",
      "resolved": "https://registry.npm.taobao.org/path-type/download/path-type-4.0.0.tgz",
      "integrity": "sha1-hO0BwKe6OAr+CdkKjBgNzZ0DBDs="
    },
    "picocolors": {
      "version": "1.0.0",
      "resolved": "https://registry.npmmirror.com/picocolors/download/picocolors-1.0.0.tgz?cache=0&sync_timestamp=1634093339035&other_urls=https%3A%2F%2Fregistry.npmmirror.com%2Fpicocolors%2Fdownload%2Fpicocolors-1.0.0.tgz",
      "integrity": "sha1-y1vcdP8/UYkiNur3nWi8RFZKuBw="
    },
    "picomatch": {
      "version": "2.3.0",
      "resolved": "https://registry.nlark.com/picomatch/download/picomatch-2.3.0.tgz?cache=0&sync_timestamp=1621648246651&other_urls=https%3A%2F%2Fregistry.nlark.com%2Fpicomatch%2Fdownload%2Fpicomatch-2.3.0.tgz",
      "integrity": "sha1-8fBh3o9qS/AiiS4tEoI0+5gwKXI="
    },
    "pify": {
      "version": "2.3.0",
      "resolved": "https://registry.npm.taobao.org/pify/download/pify-2.3.0.tgz",
      "integrity": "sha1-7RQaasBDqEnqWISY59yosVMw6Qw="
    },
    "postcss": {
      "version": "8.3.11",
      "resolved": "https://registry.npmmirror.com/postcss/download/postcss-8.3.11.tgz",
      "integrity": "sha1-w77KfqgRzV4cSj7G0udZnvH4+Fg=",
      "requires": {
        "nanoid": "^3.1.30",
        "picocolors": "^1.0.0",
        "source-map-js": "^0.6.2"
      }
    },
    "postcss-cli": {
      "version": "9.0.2",
      "resolved": "https://registry.npmmirror.com/postcss-cli/download/postcss-cli-9.0.2.tgz",
      "integrity": "sha1-lggbL+HpTnxKC01rs2GroW1UEEU=",
      "requires": {
        "chokidar": "^3.3.0",
        "dependency-graph": "^0.11.0",
        "fs-extra": "^10.0.0",
        "get-stdin": "^9.0.0",
        "globby": "^12.0.0",
        "picocolors": "^1.0.0",
        "postcss-load-config": "^3.0.0",
        "postcss-reporter": "^7.0.0",
        "pretty-hrtime": "^1.0.3",
        "read-cache": "^1.0.0",
        "slash": "^4.0.0",
        "yargs": "^17.0.0"
      }
    },
    "postcss-load-config": {
      "version": "3.1.0",
      "resolved": "https://registry.npmmirror.com/postcss-load-config/download/postcss-load-config-3.1.0.tgz",
      "integrity": "sha1-05xHCRxK7Df1AnI3OmpkjvXpeCk=",
      "requires": {
        "import-cwd": "^3.0.0",
        "lilconfig": "^2.0.3",
        "yaml": "^1.10.2"
      }
    },
    "postcss-reporter": {
      "version": "7.0.4",
      "resolved": "https://registry.npmmirror.com/postcss-reporter/download/postcss-reporter-7.0.4.tgz",
      "integrity": "sha1-ZA3n7zD6iTdLwNUCnDB60uzaJcM=",
      "requires": {
        "lodash.difference": "^4.5.0",
        "lodash.forown": "^4.4.0",
        "lodash.get": "^4.4.2",
        "lodash.groupby": "^4.6.0",
        "lodash.sortby": "^4.7.0",
        "picocolors": "^1.0.0"
      }
    },
    "postcss-value-parser": {
      "version": "4.1.0",
      "resolved": "https://registry.nlark.com/postcss-value-parser/download/postcss-value-parser-4.1.0.tgz?cache=0&sync_timestamp=1624607970310&other_urls=https%3A%2F%2Fregistry.nlark.com%2Fpostcss-value-parser%2Fdownload%2Fpostcss-value-parser-4.1.0.tgz",
      "integrity": "sha1-RD9qIM7WSBor2k+oUypuVdeJoss="
    },
    "pretty-hrtime": {
      "version": "1.0.3",
      "resolved": "https://registry.nlark.com/pretty-hrtime/download/pretty-hrtime-1.0.3.tgz",
      "integrity": "sha1-t+PqQkNaTJsnWdmeDyAesZWALuE="
    },
    "queue-microtask": {
      "version": "1.2.3",
      "resolved": "https://registry.nlark.com/queue-microtask/download/queue-microtask-1.2.3.tgz",
      "integrity": "sha1-SSkii7xyTfrEPg77BYyve2z7YkM="
    },
    "read-cache": {
      "version": "1.0.0",
      "resolved": "https://registry.npm.taobao.org/read-cache/download/read-cache-1.0.0.tgz",
      "integrity": "sha1-5mTvMRYRZsl1HNvo28+GtftY93Q=",
      "requires": {
        "pify": "^2.3.0"
      }
    },
    "readdirp": {
      "version": "3.6.0",
      "resolved": "https://registry.nlark.com/readdirp/download/readdirp-3.6.0.tgz",
      "integrity": "sha1-dKNwvYVxFuJFspzJc0DNQxoCpsc=",
      "requires": {
        "picomatch": "^2.2.1"
      }
    },
    "require-directory": {
      "version": "2.1.1",
      "resolved": "https://registry.nlark.com/require-directory/download/require-directory-2.1.1.tgz",
      "integrity": "sha1-jGStX9MNqxyXbiNE/+f3kqam30I="
    },
    "resolve-from": {
      "version": "5.0.0",
      "resolved": "https://registry.nlark.com/resolve-from/download/resolve-from-5.0.0.tgz?cache=0&sync_timestamp=1622605305717&other_urls=https%3A%2F%2Fregistry.nlark.com%2Fresolve-from%2Fdownload%2Fresolve-from-5.0.0.tgz",
      "integrity": "sha1-w1IlhD3493bfIcV1V7wIfp39/Gk="
    },
    "reusify": {
      "version": "1.0.4",
      "resolved": "https://registry.nlark.com/reusify/download/reusify-1.0.4.tgz",
      "integrity": "sha1-kNo4Kx4SbvwCFG6QhFqI2xKSXXY="
    },
    "run-parallel": {
      "version": "1.2.0",
      "resolved": "https://registry.npm.taobao.org/run-parallel/download/run-parallel-1.2.0.tgz",
      "integrity": "sha1-ZtE2jae9+SHrnZW9GpIp5/IaQ+4=",
      "requires": {
        "queue-microtask": "^1.2.2"
      }
    },
    "slash": {
      "version": "4.0.0",
      "resolved": "https://registry.nlark.com/slash/download/slash-4.0.0.tgz",
      "integrity": "sha1-JCI3IXbExsWt214q2oha+YSzlqc="
    },
    "source-map-js": {
      "version": "0.6.2",
      "resolved": "https://registry.npmmirror.com/source-map-js/download/source-map-js-0.6.2.tgz",
      "integrity": "sha1-C7XeYxtBz72mz7qL0FqA79/SOF4="
    },
    "string-width": {
      "version": "4.2.3",
      "resolved": "https://registry.npmmirror.com/string-width/download/string-width-4.2.3.tgz",
      "integrity": "sha1-JpxxF9J7Ba0uU2gwqOyJXvnG0BA=",
      "requires": {
        "emoji-regex": "^8.0.0",
        "is-fullwidth-code-point": "^3.0.0",
        "strip-ansi": "^6.0.1"
      }
    },
    "strip-ansi": {
      "version": "6.0.1",
      "resolved": "https://registry.npmmirror.com/strip-ansi/download/strip-ansi-6.0.1.tgz",
      "integrity": "sha1-nibGPTD1NEPpSJSVshBdN7Z6hdk=",
      "requires": {
        "ansi-regex": "^5.0.1"
      }
    },
    "to-regex-range": {
      "version": "5.0.1",
      "resolved": "https://registry.nlark.com/to-regex-range/download/to-regex-range-5.0.1.tgz",
      "integrity": "sha1-FkjESq58jZiKMmAY7XL1tN0DkuQ=",
      "requires": {
        "is-number": "^7.0.0"
      }
    },
    "universalify": {
      "version": "2.0.0",
      "resolved": "https://registry.nlark.com/universalify/download/universalify-2.0.0.tgz",
      "integrity": "sha1-daSYTv7cSwiXXFrrc/Uw0C3yVxc="
    },
    "wrap-ansi": {
      "version": "7.0.0",
      "resolved": "https://registry.nlark.com/wrap-ansi/download/wrap-ansi-7.0.0.tgz?cache=0&sync_timestamp=1631557201275&other_urls=https%3A%2F%2Fregistry.nlark.com%2Fwrap-ansi%2Fdownload%2Fwrap-ansi-7.0.0.tgz",
      "integrity": "sha1-Z+FFz/UQpqaYS98RUpEdadLrnkM=",
      "requires": {
        "ansi-styles": "^4.0.0",
        "string-width": "^4.1.0",
        "strip-ansi": "^6.0.0"
      }
    },
    "y18n": {
      "version": "5.0.8",
      "resolved": "https://registry.nlark.com/y18n/download/y18n-5.0.8.tgz",
      "integrity": "sha1-f0k00PfKjFb5UxSTndzS3ZHOHVU="
    },
    "yaml": {
      "version": "1.10.2",
      "resolved": "https://registry.npmmirror.com/yaml/download/yaml-1.10.2.tgz?cache=0&sync_timestamp=1636797191994&other_urls=https%3A%2F%2Fregistry.npmmirror.com%2Fyaml%2Fdownload%2Fyaml-1.10.2.tgz",
      "integrity": "sha1-IwHF/78StGfejaIzOkWeKeeSDks="
    },
    "yargs": {
      "version": "17.2.1",
      "resolved": "https://registry.npmmirror.com/yargs/download/yargs-17.2.1.tgz",
      "integrity": "sha1-4slbl5ag4ffzv0QnhjtC4EGBkeo=",
      "requires": {
        "cliui": "^7.0.2",
        "escalade": "^3.1.1",
        "get-caller-file": "^2.0.5",
        "require-directory": "^2.1.1",
        "string-width": "^4.2.0",
        "y18n": "^5.0.5",
        "yargs-parser": "^20.2.2"
      }
    },
    "yargs-parser": {
      "version": "20.2.9",
      "resolved": "https://registry.npmmirror.com/yargs-parser/download/yargs-parser-20.2.9.tgz?cache=0&sync_timestamp=1637031074828&other_urls=https%3A%2F%2Fregistry.npmmirror.com%2Fyargs-parser%2Fdownload%2Fyargs-parser-20.2.9.tgz",
      "integrity": "sha1-LrfcOwKJcY/ClfNidThFxBoMlO4="
    }
  }
}
